
Microsoft Visual Studio Solution File, Format Version 12.00
# Visual Studio 2012
Project("{8BC9CEB8-8B4A-11D0-8D11-00A0C91BC942}") = "SharedWorld1.1", "SharedWorld1.1\SharedWorld1.1.vcxproj", "{7B8DC4FF-A54B-45B5-B18A-BDDFC69D53D9}"
EndProject
Global
	GlobalSection(SolutionConfigurationPlatforms) = preSolution
		Debug|Win32 = Debug|Win32
		Release|Win32 = Release|Win32
	EndGlobalSection
	GlobalSection(ProjectConfigurationPlatforms) = postSolution
		{7B8DC4FF-A54B-45B5-B18A-BDDFC69D53D9}.Debug|Win32.ActiveCfg = Debug|Win32
		{7B8DC4FF-A54B-45B5-B18A-BDDFC69D53D9}.Debug|Win32.Build.0 = Debug|Win32
		{7B8DC4FF-A54B-45B5-B18A-BDDFC69D53D9}.Release|Win32.ActiveCfg = Release|Win32
		{7B8DC4FF-A54B-45B5-B18A-BDDFC69D53D9}.Release|Win32.Build.0 = Release|Win32
	EndGlobalSection
	GlobalSection(SolutionProperties) = preSolution
		HideSolutionNode = FALSE
	EndGlobalSection
EndGlobal
