<?xml version="1.0" encoding="utf-8"?>
<Project ToolsVersion="4.0" xmlns="http://schemas.microsoft.com/developer/msbuild/2003">
  <ItemGroup>
    <Filter Include="源文件">
      <UniqueIdentifier>{4FC737F1-C7A5-4376-A066-2A32D752A2FF}</UniqueIdentifier>
      <Extensions>cpp;c;cc;cxx;def;odl;idl;hpj;bat;asm;asmx</Extensions>
    </Filter>
    <Filter Include="头文件">
      <UniqueIdentifier>{93995380-89BD-4b04-88EB-625FBE52EBFB}</UniqueIdentifier>
      <Extensions>h;hpp;hxx;hm;inl;inc;xsd</Extensions>
    </Filter>
    <Filter Include="资源文件">
      <UniqueIdentifier>{67DA6AB6-F800-4c08-8B7A-83BB121AAD01}</UniqueIdentifier>
      <Extensions>rc;ico;cur;bmp;dlg;rc2;rct;bin;rgs;gif;jpg;jpeg;jpe;resx;tiff;tif;png;wav;mfcribbon-ms</Extensions>
    </Filter>
  </ItemGroup>
  <ItemGroup>
    <Text Include="ReadMe.txt" />
  </ItemGroup>
  <ItemGroup>
    <ClInclude Include="SharedWorld1.1.h">
      <Filter>头文件</Filter>
    </ClInclude>
    <ClInclude Include="SharedWorld1.1Dlg.h">
      <Filter>头文件</Filter>
    </ClInclude>
    <ClInclude Include="stdafx.h">
      <Filter>头文件</Filter>
    </ClInclude>
    <ClInclude Include="targetver.h">
      <Filter>头文件</Filter>
    </ClInclude>
    <ClInclude Include="Resource.h">
      <Filter>头文件</Filter>
    </ClInclude>
    <ClInclude Include="LoginDlg.h">
      <Filter>头文件</Filter>
    </ClInclude>
    <ClInclude Include="MyEdit.h">
      <Filter>头文件</Filter>
    </ClInclude>
    <ClInclude Include="MyButton.h">
      <Filter>头文件</Filter>
    </ClInclude>
    <ClInclude Include="SharedSession.h">
      <Filter>头文件</Filter>
    </ClInclude>
    <ClInclude Include="Singleton.h">
      <Filter>头文件</Filter>
    </ClInclude>
    <ClInclude Include="Socket.h">
      <Filter>头文件</Filter>
    </ClInclude>
    <ClInclude Include="Client.h">
      <Filter>头文件</Filter>
    </ClInclude>
    <ClInclude Include="Exception.h">
      <Filter>头文件</Filter>
    </ClInclude>
    <ClInclude Include="StringUtil.h">
      <Filter>头文件</Filter>
    </ClInclude>
    <ClInclude Include="JInStream.h">
      <Filter>头文件</Filter>
    </ClInclude>
    <ClInclude Include="JOutStream.h">
      <Filter>头文件</Filter>
    </ClInclude>
    <ClInclude Include="Idea.h">
      <Filter>头文件</Filter>
    </ClInclude>
    <ClInclude Include="MD5.h">
      <Filter>头文件</Filter>
    </ClInclude>
    <ClInclude Include="JUtil.h">
      <Filter>头文件</Filter>
    </ClInclude>
    <ClInclude Include="TransactionManager.h">
      <Filter>头文件</Filter>
    </ClInclude>
    <ClInclude Include="Transaction.h">
      <Filter>头文件</Filter>
    </ClInclude>
    <ClInclude Include="UserLogin.h">
      <Filter>头文件</Filter>
    </ClInclude>
    <ClInclude Include="Logging.h">
      <Filter>头文件</Filter>
    </ClInclude>
    <ClInclude Include="Timestamp.h">
      <Filter>头文件</Filter>
    </ClInclude>
    <ClInclude Include="LogStream.h">
      <Filter>头文件</Filter>
    </ClInclude>
    <ClInclude Include="SystemConfig.h">
      <Filter>头文件</Filter>
    </ClInclude>
    <ClInclude Include="RegisterDlg.h">
      <Filter>头文件</Filter>
    </ClInclude>
    <ClInclude Include="UserRegister.h">
      <Filter>头文件</Filter>
    </ClInclude>
    <ClInclude Include="JThread.h">
      <Filter>头文件</Filter>
    </ClInclude>
    <ClInclude Include="SharedThread.h">
      <Filter>头文件</Filter>
    </ClInclude>
    <ClInclude Include="SharedServerSession.h">
      <Filter>头文件</Filter>
    </ClInclude>
    <ClInclude Include="Server.h">
      <Filter>头文件</Filter>
    </ClInclude>
    <ClInclude Include="SharedPack.h">
      <Filter>头文件</Filter>
    </ClInclude>
    <ClInclude Include="ServerThread.h">
      <Filter>头文件</Filter>
    </ClInclude>
    <ClInclude Include="ChatDlg.h">
      <Filter>头文件</Filter>
    </ClInclude>
    <ClInclude Include="SendChatContent.h">
      <Filter>头文件</Filter>
    </ClInclude>
    <ClInclude Include="CharSetConvert.h">
      <Filter>头文件</Filter>
    </ClInclude>
    <ClInclude Include="UpLoadFile.h">
      <Filter>头文件</Filter>
    </ClInclude>
    <ClInclude Include="GetResource.h">
      <Filter>头文件</Filter>
    </ClInclude>
    <ClInclude Include="DownLoadFile.h">
      <Filter>头文件</Filter>
    </ClInclude>
    <ClInclude Include="DownLoadFileThread.h">
      <Filter>头文件</Filter>
    </ClInclude>
    <ClInclude Include="UpLoadFileThread.h">
      <Filter>头文件</Filter>
    </ClInclude>
  </ItemGroup>
  <ItemGroup>
    <ClCompile Include="SharedWorld1.1.cpp">
      <Filter>源文件</Filter>
    </ClCompile>
    <ClCompile Include="SharedWorld1.1Dlg.cpp">
      <Filter>源文件</Filter>
    </ClCompile>
    <ClCompile Include="stdafx.cpp">
      <Filter>源文件</Filter>
    </ClCompile>
    <ClCompile Include="LoginDlg.cpp">
      <Filter>源文件</Filter>
    </ClCompile>
    <ClCompile Include="MyEdit.cpp">
      <Filter>源文件</Filter>
    </ClCompile>
    <ClCompile Include="MyButton.cpp">
      <Filter>源文件</Filter>
    </ClCompile>
    <ClCompile Include="SharedSession.cpp">
      <Filter>源文件</Filter>
    </ClCompile>
    <ClCompile Include="Socket.cpp">
      <Filter>源文件</Filter>
    </ClCompile>
    <ClCompile Include="Client.cpp">
      <Filter>源文件</Filter>
    </ClCompile>
    <ClCompile Include="Exception.cpp">
      <Filter>源文件</Filter>
    </ClCompile>
    <ClCompile Include="StringUtil.cpp">
      <Filter>源文件</Filter>
    </ClCompile>
    <ClCompile Include="JInStream.cpp">
      <Filter>源文件</Filter>
    </ClCompile>
    <ClCompile Include="JOutStream.cpp">
      <Filter>源文件</Filter>
    </ClCompile>
    <ClCompile Include="Idea.cpp">
      <Filter>源文件</Filter>
    </ClCompile>
    <ClCompile Include="MD5.cpp">
      <Filter>源文件</Filter>
    </ClCompile>
    <ClCompile Include="JUtil.cpp">
      <Filter>源文件</Filter>
    </ClCompile>
    <ClCompile Include="TransactionManager.cpp">
      <Filter>源文件</Filter>
    </ClCompile>
    <ClCompile Include="UserLogin.cpp">
      <Filter>源文件</Filter>
    </ClCompile>
    <ClCompile Include="Logging.cpp">
      <Filter>源文件</Filter>
    </ClCompile>
    <ClCompile Include="Timestamp.cpp">
      <Filter>源文件</Filter>
    </ClCompile>
    <ClCompile Include="LogStream.cpp">
      <Filter>源文件</Filter>
    </ClCompile>
    <ClCompile Include="Systemconfig.cpp">
      <Filter>源文件</Filter>
    </ClCompile>
    <ClCompile Include="RegisterDlg.cpp">
      <Filter>源文件</Filter>
    </ClCompile>
    <ClCompile Include="UserRegister.cpp">
      <Filter>源文件</Filter>
    </ClCompile>
    <ClCompile Include="JThread.cpp">
      <Filter>源文件</Filter>
    </ClCompile>
    <ClCompile Include="SharedThread.cpp">
      <Filter>源文件</Filter>
    </ClCompile>
    <ClCompile Include="SharedServerSession.cpp">
      <Filter>源文件</Filter>
    </ClCompile>
    <ClCompile Include="Server.cpp">
      <Filter>源文件</Filter>
    </ClCompile>
    <ClCompile Include="ServerThread.cpp">
      <Filter>源文件</Filter>
    </ClCompile>
    <ClCompile Include="ChatDlg.cpp">
      <Filter>源文件</Filter>
    </ClCompile>
    <ClCompile Include="SendChatContent.cpp">
      <Filter>源文件</Filter>
    </ClCompile>
    <ClCompile Include="UpLoadFile.cpp">
      <Filter>源文件</Filter>
    </ClCompile>
    <ClCompile Include="GetResource.cpp">
      <Filter>源文件</Filter>
    </ClCompile>
    <ClCompile Include="DownLoadFile.cpp">
      <Filter>源文件</Filter>
    </ClCompile>
    <ClCompile Include="DownLoadFileThread.cpp">
      <Filter>源文件</Filter>
    </ClCompile>
    <ClCompile Include="UpLoadFileThread.cpp">
      <Filter>源文件</Filter>
    </ClCompile>
  </ItemGroup>
  <ItemGroup>
    <ResourceCompile Include="SharedWorld1.1.rc">
      <Filter>资源文件</Filter>
    </ResourceCompile>
  </ItemGroup>
  <ItemGroup>
    <None Include="res\SharedWorld11.rc2">
      <Filter>资源文件</Filter>
    </None>
  </ItemGroup>
  <ItemGroup>
    <Image Include="res\SharedWorld1.1.ico">
      <Filter>资源文件</Filter>
    </Image>
    <Image Include="res\icon1.ico">
      <Filter>资源文件</Filter>
    </Image>
    <Image Include="res\bitmap1.bmp">
      <Filter>资源文件</Filter>
    </Image>
    <Image Include="res\bitmap2.bmp">
      <Filter>资源文件</Filter>
    </Image>
    <Image Include="res\Honeycomb1.ico">
      <Filter>资源文件</Filter>
    </Image>
    <Image Include="res\Seagreen.ico">
      <Filter>资源文件</Filter>
    </Image>
    <Image Include="res\login.ico">
      <Filter>资源文件</Filter>
    </Image>
    <Image Include="res\QQ头像桌面图标下载2.ico">
      <Filter>资源文件</Filter>
    </Image>
    <Image Include="res\QQ头像桌面图标下载3.ico">
      <Filter>资源文件</Filter>
    </Image>
    <Image Include="res\QQ头像桌面图标下载4.ico">
      <Filter>资源文件</Filter>
    </Image>
    <Image Include="res\QQ头像桌面图标下载5.ico">
      <Filter>资源文件</Filter>
    </Image>
    <Image Include="res\QQ头像桌面图标下载6.ico">
      <Filter>资源文件</Filter>
    </Image>
    <Image Include="res\QQ头像桌面图标下载7.ico">
      <Filter>资源文件</Filter>
    </Image>
    <Image Include="res\QQ头像桌面图标下载8.ico">
      <Filter>资源文件</Filter>
    </Image>
    <Image Include="res\QQ头像桌面图标下载9.ico">
      <Filter>资源文件</Filter>
    </Image>
    <Image Include="res\QQ头像桌面图标下载10.ico">
      <Filter>资源文件</Filter>
    </Image>
    <Image Include="res\QQ头像桌面图标下载11.ico">
      <Filter>资源文件</Filter>
    </Image>
    <Image Include="res\QQ头像桌面图标下载12.ico">
      <Filter>资源文件</Filter>
    </Image>
    <Image Include="res\QQ头像桌面图标下载13.ico">
      <Filter>资源文件</Filter>
    </Image>
    <Image Include="res\QQ头像桌面图标下载14.ico">
      <Filter>资源文件</Filter>
    </Image>
    <Image Include="res\QQ头像桌面图标下载15.ico">
      <Filter>资源文件</Filter>
    </Image>
    <Image Include="res\QQ头像桌面图标下载16.ico">
      <Filter>资源文件</Filter>
    </Image>
    <Image Include="res\QQ头像桌面图标下载17.ico">
      <Filter>资源文件</Filter>
    </Image>
    <Image Include="res\QQ头像桌面图标下载18.ico">
      <Filter>资源文件</Filter>
    </Image>
    <Image Include="res\QQ头像桌面图标下载19.ico">
      <Filter>资源文件</Filter>
    </Image>
    <Image Include="res\QQ头像桌面图标下载20.ico">
      <Filter>资源文件</Filter>
    </Image>
    <Image Include="res\QQ头像桌面图标下载21.ico">
      <Filter>资源文件</Filter>
    </Image>
    <Image Include="res\QQ头像桌面图标下载22.ico">
      <Filter>资源文件</Filter>
    </Image>
    <Image Include="res\QQ头像桌面图标下载23.ico">
      <Filter>资源文件</Filter>
    </Image>
    <Image Include="res\QQ头像桌面图标下载24.ico">
      <Filter>资源文件</Filter>
    </Image>
  </ItemGroup>
</Project>